// !$*UTF8*$!
{
	archiveVersion = 1;
	classes = {
	};
	objectVersion = 46;
	objects = {

/* Begin PBXBuildFile section */
		0D3BAF791BFE7AB6001F4740 /* AppDelegate.swift in Sources */ = {isa = PBXBuildFile; fileRef = 0D3BAF781BFE7AB6001F4740 /* AppDelegate.swift */; };
		0D3BAF7B1BFE7AB6001F4740 /* ViewController.swift in Sources */ = {isa = PBXBuildFile; fileRef = 0D3BAF7A1BFE7AB6001F4740 /* ViewController.swift */; };
		0D3BAF7E1BFE7AB6001F4740 /* Main.storyboard in Resources */ = {isa = PBXBuildFile; fileRef = 0D3BAF7C1BFE7AB6001F4740 /* Main.storyboard */; };
		0D3BAF801BFE7AB6001F4740 /* Assets.xcassets in Resources */ = {isa = PBXBuildFile; fileRef = 0D3BAF7F1BFE7AB6001F4740 /* Assets.xcassets */; };
		0D3BAF831BFE7AB6001F4740 /* LaunchScreen.storyboard in Resources */ = {isa = PBXBuildFile; fileRef = 0D3BAF811BFE7AB6001F4740 /* LaunchScreen.storyboard */; };
		0D3BAF8E1BFE7AB6001F4740 /* final_appTests.swift in Sources */ = {isa = PBXBuildFile; fileRef = 0D3BAF8D1BFE7AB6001F4740 /* final_appTests.swift */; };
		0D3BAF991BFE7AB6001F4740 /* final_appUITests.swift in Sources */ = {isa = PBXBuildFile; fileRef = 0D3BAF981BFE7AB6001F4740 /* final_appUITests.swift */; };
		F447F0001C163F840023B2D9 /* Help.pdf in Resources */ = {isa = PBXBuildFile; fileRef = F447EFFF1C163F840023B2D9 /* Help.pdf */; };
/* End PBXBuildFile section */

/* Begin PBXContainerItemProxy section */
		0D3BAF8A1BFE7AB6001F4740 /* PBXContainerItemProxy */ = {
			isa = PBXContainerItemProxy;
			containerPortal = 0D3BAF6D1BFE7AB6001F4740 /* Project object */;
			proxyType = 1;
			remoteGlobalIDString = 0D3BAF741BFE7AB6001F4740;
			remoteInfo = final_app;
		};
		0D3BAF951BFE7AB6001F4740 /* PBXContainerItemProxy */ = {
			isa = PBXContainerItemProxy;
			containerPortal = 0D3BAF6D1BFE7AB6001F4740 /* Project object */;
			proxyType = 1;
			remoteGlobalIDString = 0D3BAF741BFE7AB6001F4740;
			remoteInfo = final_app;
		};
/* End PBXContainerItemProxy section */

/* Begin PBXFileReference section */
		0D3BAF751BFE7AB6001F4740 /* final_app.app */ = {isa = PBXFileReference; explicitFileType = wrapper.application; includeInIndex = 0; path = final_app.app; sourceTree = BUILT_PRODUCTS_DIR; };
		0D3BAF781BFE7AB6001F4740 /* AppDelegate.swift */ = {isa = PBXFileReference; lastKnownFileType = sourcecode.swift; path = AppDelegate.swift; sourceTree = "<group>"; };
		0D3BAF7A1BFE7AB6001F4740 /* ViewController.swift */ = {isa = PBXFileReference; lastKnownFileType = sourcecode.swift; path = ViewController.swift; sourceTree = "<group>"; };
		0D3BAF7D1BFE7AB6001F4740 /* Base */ = {isa = PBXFileReference; lastKnownFileType = file.storyboard; name = Base; path = Base.lproj/Main.storyboard; sourceTree = "<group>"; };
		0D3BAF7F1BFE7AB6001F4740 /* Assets.xcassets */ = {isa = PBXFileReference; lastKnownFileType = folder.assetcatalog; path = Assets.xcassets; sourceTree = "<group>"; };
		0D3BAF821BFE7AB6001F4740 /* Base */ = {isa = PBXFileReference; lastKnownFileType = file.storyboard; name = Base; path = Base.lproj/LaunchScreen.storyboard; sourceTree = "<group>"; };
		0D3BAF841BFE7AB6001F4740 /* Info.plist */ = {isa = PBXFileReference; lastKnownFileType = text.plist.xml; path = Info.plist; sourceTree = "<group>"; };
		0D3BAF891BFE7AB6001F4740 /* final_appTests.xctest */ = {isa = PBXFileReference; explicitFileType = wrapper.cfbundle; includeInIndex = 0; path = final_appTests.xctest; sourceTree = BUILT_PRODUCTS_DIR; };
		0D3BAF8D1BFE7AB6001F4740 /* final_appTests.swift */ = {isa = PBXFileReference; lastKnownFileType = sourcecode.swift; path = final_appTests.swift; sourceTree = "<group>"; };
		0D3BAF8F1BFE7AB6001F4740 /* Info.plist */ = {isa = PBXFileReference; lastKnownFileType = text.plist.xml; path = Info.plist; sourceTree = "<group>"; };
		0D3BAF941BFE7AB6001F4740 /* final_appUITests.xctest */ = {isa = PBXFileReference; explicitFileType = wrapper.cfbundle; includeInIndex = 0; path = final_appUITests.xctest; sourceTree = BUILT_PRODUCTS_DIR; };
		0D3BAF981BFE7AB6001F4740 /* final_appUITests.swift */ = {isa = PBXFileReference; lastKnownFileType = sourcecode.swift; path = final_appUITests.swift; sourceTree = "<group>"; };
		0D3BAF9A1BFE7AB6001F4740 /* Info.plist */ = {isa = PBXFileReference; lastKnownFileType = text.plist.xml; path = Info.plist; sourceTree = "<group>"; };
		F447EFFF1C163F840023B2D9 /* Help.pdf */ = {isa = PBXFileReference; lastKnownFileType = image.pdf; name = Help.pdf; path = ../Help.pdf; sourceTree = "<group>"; };
/* End PBXFileReference section */

/* Begin PBXFrameworksBuildPhase section */
		0D3BAF721BFE7AB6001F4740 /* Frameworks */ = {
			isa = PBXFrameworksBuildPhase;
			buildActionMask = 2147483647;
			files = (
			);
			runOnlyForDeploymentPostprocessing = 0;
		};
		0D3BAF861BFE7AB6001F4740 /* Frameworks */ = {
			isa = PBXFrameworksBuildPhase;
			buildActionMask = 2147483647;
			files = (
			);
			runOnlyForDeploymentPostprocessing = 0;
		};
		0D3BAF911BFE7AB6001F4740 /* Frameworks */ = {
			isa = PBXFrameworksBuildPhase;
			buildActionMask = 2147483647;
			files = (
			);
			runOnlyForDeploymentPostprocessing = 0;
		};
/* End PBXFrameworksBuildPhase section */

/* Begin PBXGroup section */
		0D3BAF6C1BFE7AB6001F4740 = {
			isa = PBXGroup;
			children = (
				F447EFFE1C163F790023B2D9 /* PDF */,
				0D3BAF771BFE7AB6001F4740 /* final_app */,
				0D3BAF8C1BFE7AB6001F4740 /* final_appTests */,
				0D3BAF971BFE7AB6001F4740 /* final_appUITests */,
				0D3BAF761BFE7AB6001F4740 /* Products */,
			);
			sourceTree = "<group>";
		};
		0D3BAF761BFE7AB6001F4740 /* Products */ = {
			isa = PBXGroup;
			children = (
				0D3BAF751BFE7AB6001F4740 /* final_app.app */,
				0D3BAF891BFE7AB6001F4740 /* final_appTests.xctest */,
				0D3BAF941BFE7AB6001F4740 /* final_appUITests.xctest */,
			);
			name = Products;
			sourceTree = "<group>";
		};
		0D3BAF771BFE7AB6001F4740 /* final_app */ = {
			isa = PBXGroup;
			children = (
				0D3BAF781BFE7AB6001F4740 /* AppDelegate.swift */,
				0D3BAF7A1BFE7AB6001F4740 /* ViewController.swift */,
				0D3BAF7C1BFE7AB6001F4740 /* Main.storyboard */,
				0D3BAF7F1BFE7AB6001F4740 /* Assets.xcassets */,
				0D3BAF811BFE7AB6001F4740 /* LaunchScreen.storyboard */,
				0D3BAF841BFE7AB6001F4740 /* Info.plist */,
			);
			path = final_app;
			sourceTree = "<group>";
		};
		0D3BAF8C1BFE7AB6001F4740 /* final_appTests */ = {
			isa = PBXGroup;
			children = (
				0D3BAF8D1BFE7AB6001F4740 /* final_appTests.swift */,
				0D3BAF8F1BFE7AB6001F4740 /* Info.plist */,
			);
			path = final_appTests;
			sourceTree = "<group>";
		};
		0D3BAF971BFE7AB6001F4740 /* final_appUITests */ = {
			isa = PBXGroup;
			children = (
				0D3BAF981BFE7AB6001F4740 /* final_appUITests.swift */,
				0D3BAF9A1BFE7AB6001F4740 /* Info.plist */,
			);
			path = final_appUITests;
			sourceTree = "<group>";
		};
		F447EFFE1C163F790023B2D9 /* PDF */ = {
			isa = PBXGroup;
			children = (
				F447EFFF1C163F840023B2D9 /* Help.pdf */,
			);
			name = PDF;
			sourceTree = "<group>";
		};
/* End PBXGroup section */

/* Begin PBXNativeTarget section */
		0D3BAF741BFE7AB6001F4740 /* final_app */ = {
			isa = PBXNativeTarget;
			buildConfigurationList = 0D3BAF9D1BFE7AB6001F4740 /* Build configuration list for PBXNativeTarget "final_app" */;
			buildPhases = (
				0D3BAF711BFE7AB6001F4740 /* Sources */,
				0D3BAF721BFE7AB6001F4740 /* Frameworks */,
				0D3BAF731BFE7AB6001F4740 /* Resources */,
			);
			buildRules = (
			);
			dependencies = (
			);
			name = final_app;
			productName = final_app;
			productReference = 0D3BAF751BFE7AB6001F4740 /* final_app.app */;
			productType = "com.apple.product-type.application";
		};
		0D3BAF881BFE7AB6001F4740 /* final_appTests */ = {
			isa = PBXNativeTarget;
			buildConfigurationList = 0D3BAFA01BFE7AB6001F4740 /* Build configuration list for PBXNativeTarget "final_appTests" */;
			buildPhases = (
				0D3BAF851BFE7AB6001F4740 /* Sources */,
				0D3BAF861BFE7AB6001F4740 /* Frameworks */,
				0D3BAF871BFE7AB6001F4740 /* Resources */,
			);
			buildRules = (
			);
			dependencies = (
				0D3BAF8B1BFE7AB6001F4740 /* PBXTargetDependency */,
			);
			name = final_appTests;
			productName = final_appTests;
			productReference = 0D3BAF891BFE7AB6001F4740 /* final_appTests.xctest */;
			productType = "com.apple.product-type.bundle.unit-test";
		};
		0D3BAF931BFE7AB6001F4740 /* final_appUITests */ = {
			isa = PBXNativeTarget;
			buildConfigurationList = 0D3BAFA31BFE7AB6001F4740 /* Build configuration list for PBXNativeTarget "final_appUITests" */;
			buildPhases = (
				0D3BAF901BFE7AB6001F4740 /* Sources */,
				0D3BAF911BFE7AB6001F4740 /* Frameworks */,
				0D3BAF921BFE7AB6001F4740 /* Resources */,
			);
			buildRules = (
			);
			dependencies = (
				0D3BAF961BFE7AB6001F4740 /* PBXTargetDependency */,
			);
			name = final_appUITests;
			productName = final_appUITests;
			productReference = 0D3BAF941BFE7AB6001F4740 /* final_appUITests.xctest */;
			productType = "com.apple.product-type.bundle.ui-testing";
		};
/* End PBXNativeTarget section */

/* Begin PBXProject section */
		0D3BAF6D1BFE7AB6001F4740 /* Project object */ = {
			isa = PBXProject;
			attributes = {
				LastSwiftUpdateCheck = 0710;
				LastUpgradeCheck = 0710;
				ORGANIZATIONNAME = rockvalleycollege;
				TargetAttributes = {
					0D3BAF741BFE7AB6001F4740 = {
						CreatedOnToolsVersion = 7.1;
					};
					0D3BAF881BFE7AB6001F4740 = {
						CreatedOnToolsVersion = 7.1;
						TestTargetID = 0D3BAF741BFE7AB6001F4740;
					};
					0D3BAF931BFE7AB6001F4740 = {
						CreatedOnToolsVersion = 7.1;
						TestTargetID = 0D3BAF741BFE7AB6001F4740;
					};
				};
			};
			buildConfigurationList = 0D3BAF701BFE7AB6001F4740 /* Build configuration list for PBXProject "final_app" */;
			compatibilityVersion = "Xcode 3.2";
			developmentRegion = English;
			hasScannedForEncodings = 0;
			knownRegions = (
				en,
				Base,
			);
			mainGroup = 0D3BAF6C1BFE7AB6001F4740;
			productRefGroup = 0D3BAF761BFE7AB6001F4740 /* Products */;
			projectDirPath = "";
			projectRoot = "";
			targets = (
				0D3BAF741BFE7AB6001F4740 /* final_app */,
				0D3BAF881BFE7AB6001F4740 /* final_appTests */,
				0D3BAF931BFE7AB6001F4740 /* final_appUITests */,
			);
		};
/* End PBXProject section */

/* Begin PBXResourcesBuildPhase section */
		0D3BAF731BFE7AB6001F4740 /* Resources */ = {
			isa = PBXResourcesBuildPhase;
			buildActionMask = 2147483647;
			files = (
				0D3BAF831BFE7AB6001F4740 /* LaunchScreen.storyboard in Resources */,
				F447F0001C163F840023B2D9 /* Help.pdf in Resources */,
				0D3BAF801BFE7AB6001F4740 /* Assets.xcassets in Resources */,
				0D3BAF7E1BFE7AB6001F4740 /* Main.storyboard in Resources */,
			);
			runOnlyForDeploymentPostprocessing = 0;
		};
		0D3BAF871BFE7AB6001F4740 /* Resources */ = {
			isa = PBXResourcesBuildPhase;
			buildActionMask = 2147483647;
			files = (
			);
			runOnlyForDeploymentPostprocessing = 0;
		};
		0D3BAF921BFE7AB6001F4740 /* Resources */ = {
			isa = PBXResourcesBuildPhase;
			buildActionMask = 2147483647;
			files = (
			);
			runOnlyForDeploymentPostprocessing = 0;
		};
/* End PBXResourcesBuildPhase section */

/* Begin PBXSourcesBuildPhase section */
		0D3BAF711BFE7AB6001F4740 /* Sources */ = {
			isa = PBXSourcesBuildPhase;
			buildActionMask = 2147483647;
			files = (
				0D3BAF7B1BFE7AB6001F4740 /* ViewController.swift in Sources */,
				0D3BAF791BFE7AB6001F4740 /* AppDelegate.swift in Sources */,
			);
			runOnlyForDeploymentPostprocessing = 0;
		};
		0D3BAF851BFE7AB6001F4740 /* Sources */ = {
			isa = PBXSourcesBuildPhase;
			buildActionMask = 2147483647;
			files = (
				0D3BAF8E1BFE7AB6001F4740 /* final_appTests.swift in Sources */,
			);
			runOnlyForDeploymentPostprocessing = 0;
		};
		0D3BAF901BFE7AB6001F4740 /* Sources */ = {
			isa = PBXSourcesBuildPhase;
			buildActionMask = 2147483647;
			files = (
				0D3BAF991BFE7AB6001F4740 /* final_appUITests.swift in Sources */,
			);
			runOnlyForDeploymentPostprocessing = 0;
		};
/* End PBXSourcesBuildPhase section */

/* Begin PBXTargetDependency section */
		0D3BAF8B1BFE7AB6001F4740 /* PBXTargetDependency */ = {
			isa = PBXTargetDependency;
			target = 0D3BAF741BFE7AB6001F4740 /* final_app */;
			targetProxy = 0D3BAF8A1BFE7AB6001F4740 /* PBXContainerItemProxy */;
		};
		0D3BAF961BFE7AB6001F4740 /* PBXTargetDependency */ = {
			isa = PBXTargetDependency;
			target = 0D3BAF741BFE7AB6001F4740 /* final_app */;
			targetProxy = 0D3BAF951BFE7AB6001F4740 /* PBXContainerItemProxy */;
		};
/* End PBXTargetDependency section */

/* Begin PBXVariantGroup section */
		0D3BAF7C1BFE7AB6001F4740 /* Main.storyboard */ = {
			isa = PBXVariantGroup;
			children = (
				0D3BAF7D1BFE7AB6001F4740 /* Base */,
			);
			name = Main.storyboard;
			sourceTree = "<group>";
		};
		0D3BAF811BFE7AB6001F4740 /* LaunchScreen.storyboard */ = {
			isa = PBXVariantGroup;
			children = (
				0D3BAF821BFE7AB6001F4740 /* Base */,
			);
			name = LaunchScreen.storyboard;
			sourceTree = "<group>";
		};
/* End PBXVariantGroup section */

/* Begin XCBuildConfiguration section */
		0D3BAF9B1BFE7AB6001F4740 /* Debug */ = {
			isa = XCBuildConfiguration;
			buildSettings = {
				ALWAYS_SEARCH_USER_PATHS = NO;
				CLANG_CXX_LANGUAGE_STANDARD = "gnu++0x";
				CLANG_CXX_LIBRARY = "libc++";
				CLANG_ENABLE_MODULES = YES;
				CLANG_ENABLE_OBJC_ARC = YES;
				CLANG_WARN_BOOL_CONVERSION = YES;
				CLANG_WARN_CONSTANT_CONVERSION = YES;
				CLANG_WARN_DIRECT_OBJC_ISA_USAGE = YES_ERROR;
				CLANG_WARN_EMPTY_BODY = YES;
				CLANG_WARN_ENUM_CONVERSION = YES;
				CLANG_WARN_INT_CONVERSION = YES;
				CLANG_WARN_OBJC_ROOT_CLASS = YES_ERROR;
				CLANG_WARN_UNREACHABLE_CODE = YES;
				CLANG_WARN__DUPLICATE_METHOD_MATCH = YES;
				"CODE_SIGN_IDENTITY[sdk=iphoneos*]" = "iPhone Developer";
				COPY_PHASE_STRIP = NO;
				DEBUG_INFORMATION_FORMAT = dwarf;
				ENABLE_STRICT_OBJC_MSGSEND = YES;
				ENABLE_TESTABILITY = YES;
				GCC_C_LANGUAGE_STANDARD = gnu99;
				GCC_DYNAMIC_NO_PIC = NO;
				GCC_NO_COMMON_BLOCKS = YES;
				GCC_OPTIMIZATION_LEVEL = 0;
				GCC_PREPROCESSOR_DEFINITIONS = (
					"DEBUG=1",
					"$(inherited)",
				);
				GCC_WARN_64_TO_32_BIT_CONVERSION = YES;
				GCC_WARN_ABOUT_RETURN_TYPE = YES_ERROR;
				GCC_WARN_UNDECLARED_SELECTOR = YES;
				GCC_WARN_UNINITIALIZED_AUTOS = YES_AGGRESSIVE;
				GCC_WARN_UNUSED_FUNCTION = YES;
				GCC_WARN_UNUSED_VARIABLE = YES;
				IPHONEOS_DEPLOYMENT_TARGET = 9.1;
				MTL_ENABLE_DEBUG_INFO = YES;
				ONLY_ACTIVE_ARCH = YES;
				SDKROOT = iphoneos;
				SWIFT_OPTIMIZATION_LEVEL = "-Onone";
				TARGETED_DEVICE_FAMILY = "1,2";
			};
			name = Debug;
		};
		0D3BAF9C1BFE7AB6001F4740 /* Release */ = {
			isa = XCBuildConfiguration;
			buildSettings = {
				ALWAYS_SEARCH_USER_PATHS = NO;
				CLANG_CXX_LANGUAGE_STANDARD = "gnu++0x";
				CLANG_CXX_LIBRARY = "libc++";
				CLANG_ENABLE_MODULES = YES;
				CLANG_ENABLE_OBJC_ARC = YES;
				CLANG_WARN_BOOL_CONVERSION = YES;
				CLANG_WARN_CONSTANT_CONVERSION = YES;
				CLANG_WARN_DIRECT_OBJC_ISA_USAGE = YES_ERROR;
				CLANG_WARN_EMPTY_BODY = YES;
				CLANG_WARN_ENUM_CONVERSION = YES;
				CLANG_WARN_INT_CONVERSION = YES;
				CLANG_WARN_OBJC_ROOT_CLASS = YES_ERROR;
				CLANG_WARN_UNREACHABLE_CODE = YES;
				CLANG_WARN__DUPLICATE_METHOD_MATCH = YES;
				"CODE_SIGN_IDENTITY[sdk=iphoneos*]" = "iPhone Developer";
				COPY_PHASE_STRIP = NO;
				DEBUG_INFORMATION_FORMAT = "dwarf-with-dsym";
				ENABLE_NS_ASSERTIONS = NO;
				ENABLE_STRICT_OBJC_MSGSEND = YES;
				GCC_C_LANGUAGE_STANDARD = gnu99;
				GCC_NO_COMMON_BLOCKS = YES;
				GCC_WARN_64_TO_32_BIT_CONVERSION = YES;
				GCC_WARN_ABOUT_RETURN_TYPE = YES_ERROR;
				GCC_WARN_UNDECLARED_SELECTOR = YES;
				GCC_WARN_UNINITIALIZED_AUTOS = YES_AGGRESSIVE;
				GCC_WARN_UNUSED_FUNCTION = YES;
				GCC_WARN_UNUSED_VARIABLE = YES;
				IPHONEOS_DEPLOYMENT_TARGET = 9.1;
				MTL_ENABLE_DEBUG_INFO = NO;
				SDKROOT = iphoneos;
				TARGETED_DEVICE_FAMILY = "1,2";
				VALIDATE_PRODUCT = YES;
			};
			name = Release;
		};
		0D3BAF9E1BFE7AB6001F4740 /* Debug */ = {
			isa = XCBuildConfiguration;
			buildSettings = {
				ASSETCATALOG_COMPILER_APPICON_NAME = AppIcon;
				INFOPLIST_FILE = final_app/Info.plist;
				LD_RUNPATH_SEARCH_PATHS = "$(inherited) @executable_path/Frameworks";
				PRODUCT_BUNDLE_IDENTIFIER = "rvc.final-app";
				PRODUCT_NAME = "$(TARGET_NAME)";
			};
			name = Debug;
		};
		0D3BAF9F1BFE7AB6001F4740 /* Release */ = {
			isa = XCBuildConfiguration;
			buildSettings = {
				ASSETCATALOG_COMPILER_APPICON_NAME = AppIcon;
				INFOPLIST_FILE = final_app/Info.plist;
				LD_RUNPATH_SEARCH_PATHS = "$(inherited) @executable_path/Frameworks";
				PRODUCT_BUNDLE_IDENTIFIER = "rvc.final-app";
				PRODUCT_NAME = "$(TARGET_NAME)";
			};
			name = Release;
		};
		0D3BAFA11BFE7AB6001F4740 /* Debug */ = {
			isa = XCBuildConfiguration;
			buildSettings = {
				BUNDLE_LOADER = "$(TEST_HOST)";
				INFOPLIST_FILE = final_appTests/Info.plist;
				LD_RUNPATH_SEARCH_PATHS = "$(inherited) @executable_path/Frameworks @loader_path/Frameworks";
				PRODUCT_BUNDLE_IDENTIFIER = "rvc.final-appTests";
				PRODUCT_NAME = "$(TARGET_NAME)";
				TEST_HOST = "$(BUILT_PRODUCTS_DIR)/final_app.app/final_app";
			};
			name = Debug;
		};
		0D3BAFA21BFE7AB6001F4740 /* Release */ = {
			isa = XCBuildConfiguration;
			buildSettings = {
				BUNDLE_LOADER = "$(TEST_HOST)";
				INFOPLIST_FILE = final_appTests/Info.plist;
				LD_RUNPATH_SEARCH_PATHS = "$(inherited) @executable_path/Frameworks @loader_path/Frameworks";
				PRODUCT_BUNDLE_IDENTIFIER = "rvc.final-appTests";
				PRODUCT_NAME = "$(TARGET_NAME)";
				TEST_HOST = "$(BUILT_PRODUCTS_DIR)/final_app.app/final_app";
			};
			name = Release;
		};
		0D3BAFA41BFE7AB6001F4740 /* Debug */ = {
			isa = XCBuildConfiguration;
			buildSettings = {
				INFOPLIST_FILE = final_appUITests/Info.plist;
				LD_RUNPATH_SEARCH_PATHS = "$(inherited) @executable_path/Frameworks @loader_path/Frameworks";
				PRODUCT_BUNDLE_IDENTIFIER = "rvc.final-appUITests";
				PRODUCT_NAME = "$(TARGET_NAME)";
				TEST_TARGET_NAME = final_app;
				USES_XCTRUNNER = YES;
			};
			name = Debug;
		};
		0D3BAFA51BFE7AB6001F4740 /* Release */ = {
			isa = XCBuildConfiguration;
			buildSettings = {
				INFOPLIST_FILE = final_appUITests/Info.plist;
				LD_RUNPATH_SEARCH_PATHS = "$(inherited) @executable_path/Frameworks @loader_path/Frameworks";
				PRODUCT_BUNDLE_IDENTIFIER = "rvc.final-appUITests";
				PRODUCT_NAME = "$(TARGET_NAME)";
				TEST_TARGET_NAME = final_app;
				USES_XCTRUNNER = YES;
			};
			name = Release;
		};
/* End XCBuildConfiguration section */

/* Begin XCConfigurationList section */
		0D3BAF701BFE7AB6001F4740 /* Build configuration list for PBXProject "final_app" */ = {
			isa = XCConfigurationList;
			buildConfigurations = (
				0D3BAF9B1BFE7AB6001F4740 /* Debug */,
				0D3BAF9C1BFE7AB6001F4740 /* Release */,
			);
			defaultConfigurationIsVisible = 0;
			defaultConfigurationName = Release;
		};
		0D3BAF9D1BFE7AB6001F4740 /* Build configuration list for PBXNativeTarget "final_app" */ = {
			isa = XCConfigurationList;
			buildConfigurations = (
				0D3BAF9E1BFE7AB6001F4740 /* Debug */,
				0D3BAF9F1BFE7AB6001F4740 /* Release */,
			);
			defaultConfigurationIsVisible = 0;
			defaultConfigurationName = Release;
		};
		0D3BAFA01BFE7AB6001F4740 /* Build configuration list for PBXNativeTarget "final_appTests" */ = {
			isa = XCConfigurationList;
			buildConfigurations = (
				0D3BAFA11BFE7AB6001F4740 /* Debug */,
				0D3BAFA21BFE7AB6001F4740 /* Release */,
			);
			defaultConfigurationIsVisible = 0;
			defaultConfigurationName = Release;
		};
		0D3BAFA31BFE7AB6001F4740 /* Build configuration list for PBXNativeTarget "final_appUITests" */ = {
			isa = XCConfigurationList;
			buildConfigurations = (
				0D3BAFA41BFE7AB6001F4740 /* Debug */,
				0D3BAFA51BFE7AB6001F4740 /* Release */,
			);
			defaultConfigurationIsVisible = 0;
			defaultConfigurationName = Release;
		};
/* End XCConfigurationList section */
	};
	rootObject = 0D3BAF6D1BFE7AB6001F4740 /* Project object */;
}
